
Microsoft Visual Studio Solution File, Format Version 12.00
# Visual Studio Version 16
VisualStudioVersion = 16.0.29409.12
MinimumVisualStudioVersion = 10.0.40219.1
Project("{FAE04EC0-301F-11D3-BF4B-00C04F79EFBC}") = "Lecture01 Steering", "Lecture01 Steering\Lecture01 Steering.csproj", "{BD179484-1369-4437-BD3B-4AECFB627286}"
EndProject
Project("{FAE04EC0-301F-11D3-BF4B-00C04F79EFBC}") = "Arce", "Arce\Arce.csproj", "{BD8FDAB6-AD66-4016-9822-54D62FD786C8}"
EndProject
Project("{FAE04EC0-301F-11D3-BF4B-00C04F79EFBC}") = "Lecture03 Finite State Machine", "Lecture03 Finite State Machine\Lecture03 Finite State Machine.csproj", "{C8B1C518-B498-49AD-AABB-90110DCB2666}"
EndProject
Global
	GlobalSection(SolutionConfigurationPlatforms) = preSolution
		Debug|Any CPU = Debug|Any CPU
		Release|Any CPU = Release|Any CPU
	EndGlobalSection
	GlobalSection(ProjectConfigurationPlatforms) = postSolution
		{BD179484-1369-4437-BD3B-4AECFB627286}.Debug|Any CPU.ActiveCfg = Debug|Any CPU
		{BD179484-1369-4437-BD3B-4AECFB627286}.Debug|Any CPU.Build.0 = Debug|Any CPU
		{BD179484-1369-4437-BD3B-4AECFB627286}.Release|Any CPU.ActiveCfg = Release|Any CPU
		{BD179484-1369-4437-BD3B-4AECFB627286}.Release|Any CPU.Build.0 = Release|Any CPU
		{BD8FDAB6-AD66-4016-9822-54D62FD786C8}.Debug|Any CPU.ActiveCfg = Debug|Any CPU
		{BD8FDAB6-AD66-4016-9822-54D62FD786C8}.Debug|Any CPU.Build.0 = Debug|Any CPU
		{BD8FDAB6-AD66-4016-9822-54D62FD786C8}.Release|Any CPU.ActiveCfg = Release|Any CPU
		{BD8FDAB6-AD66-4016-9822-54D62FD786C8}.Release|Any CPU.Build.0 = Release|Any CPU
		{C8B1C518-B498-49AD-AABB-90110DCB2666}.Debug|Any CPU.ActiveCfg = Debug|Any CPU
		{C8B1C518-B498-49AD-AABB-90110DCB2666}.Debug|Any CPU.Build.0 = Debug|Any CPU
		{C8B1C518-B498-49AD-AABB-90110DCB2666}.Release|Any CPU.ActiveCfg = Release|Any CPU
		{C8B1C518-B498-49AD-AABB-90110DCB2666}.Release|Any CPU.Build.0 = Release|Any CPU
	EndGlobalSection
	GlobalSection(SolutionProperties) = preSolution
		HideSolutionNode = FALSE
	EndGlobalSection
	GlobalSection(ExtensibilityGlobals) = postSolution
		SolutionGuid = {01CE49EA-C59F-42D4-AAB2-76DA107B873F}
	EndGlobalSection
EndGlobal
